
Microsoft Visual Studio Solution File, Format Version 12.00
# Visual Studio 14
VisualStudioVersion = 14.0.25420.1
MinimumVisualStudioVersion = 10.0.40219.1
Project("{FAE04EC0-301F-11D3-BF4B-00C04F79EFBC}") = "JeopardySimulator.Ui", "JeopardySimulator.Ui\JeopardySimulator.Ui.csproj", "{570F347D-6A78-4412-8753-CB33787982BE}"
EndProject
Project("{FAE04EC0-301F-11D3-BF4B-00C04F79EFBC}") = "JeopardySimulator.Tests", "JeopardySimulator.Tests\JeopardySimulator.Tests.csproj", "{DDD1F531-C5E8-41D9-9AD4-B8D6A97CB468}"
EndProject
Global
	GlobalSection(SolutionConfigurationPlatforms) = preSolution
		Debug|Any CPU = Debug|Any CPU
		Release|Any CPU = Release|Any CPU
	EndGlobalSection
	GlobalSection(ProjectConfigurationPlatforms) = postSolution
		{570F347D-6A78-4412-8753-CB33787982BE}.Debug|Any CPU.ActiveCfg = Debug|Any CPU
		{570F347D-6A78-4412-8753-CB33787982BE}.Debug|Any CPU.Build.0 = Debug|Any CPU
		{570F347D-6A78-4412-8753-CB33787982BE}.Release|Any CPU.ActiveCfg = Release|Any CPU
		{570F347D-6A78-4412-8753-CB33787982BE}.Release|Any CPU.Build.0 = Release|Any CPU
		{DDD1F531-C5E8-41D9-9AD4-B8D6A97CB468}.Debug|Any CPU.ActiveCfg = Debug|Any CPU
		{DDD1F531-C5E8-41D9-9AD4-B8D6A97CB468}.Debug|Any CPU.Build.0 = Debug|Any CPU
		{DDD1F531-C5E8-41D9-9AD4-B8D6A97CB468}.Release|Any CPU.ActiveCfg = Release|Any CPU
		{DDD1F531-C5E8-41D9-9AD4-B8D6A97CB468}.Release|Any CPU.Build.0 = Release|Any CPU
	EndGlobalSection
	GlobalSection(SolutionProperties) = preSolution
		HideSolutionNode = FALSE
	EndGlobalSection
EndGlobal
